// !$*UTF8*$!
{
	archiveVersion = 1;
	classes = {
	};
	objectVersion = 56;
	objects = {

/* Begin PBXBuildFile section */
		F2612C592BDA272600E6B0C9 /* TCA_ChildViewApp.swift in Sources */ = {isa = PBXBuildFile; fileRef = F2612C582BDA272600E6B0C9 /* TCA_ChildViewApp.swift */; };
		F2612C5B2BDA272600E6B0C9 /* ContentView.swift in Sources */ = {isa = PBXBuildFile; fileRef = F2612C5A2BDA272600E6B0C9 /* ContentView.swift */; };
		F2612C5D2BDA272800E6B0C9 /* Assets.xcassets in Resources */ = {isa = PBXBuildFile; fileRef = F2612C5C2BDA272800E6B0C9 /* Assets.xcassets */; };
		F2612C602BDA272800E6B0C9 /* Preview Assets.xcassets in Resources */ = {isa = PBXBuildFile; fileRef = F2612C5F2BDA272800E6B0C9 /* Preview Assets.xcassets */; };
		F2612C682BDA273E00E6B0C9 /* ComposableArchitecture in Frameworks */ = {isa = PBXBuildFile; productRef = F2612C672BDA273E00E6B0C9 /* ComposableArchitecture */; };
		F2612C6A2BDA276B00E6B0C9 /* Feature.swift in Sources */ = {isa = PBXBuildFile; fileRef = F2612C692BDA276B00E6B0C9 /* Feature.swift */; };
		F2612C6C2BDA28CE00E6B0C9 /* ChildView.swift in Sources */ = {isa = PBXBuildFile; fileRef = F2612C6B2BDA28CE00E6B0C9 /* ChildView.swift */; };
		F2612C6E2BDA295D00E6B0C9 /* ChildFeature.swift in Sources */ = {isa = PBXBuildFile; fileRef = F2612C6D2BDA295D00E6B0C9 /* ChildFeature.swift */; };
/* End PBXBuildFile section */

/* Begin PBXFileReference section */
		F2612C552BDA272600E6B0C9 /* TCA-ChildView.app */ = {isa = PBXFileReference; explicitFileType = wrapper.application; includeInIndex = 0; path = "TCA-ChildView.app"; sourceTree = BUILT_PRODUCTS_DIR; };
		F2612C582BDA272600E6B0C9 /* TCA_ChildViewApp.swift */ = {isa = PBXFileReference; lastKnownFileType = sourcecode.swift; path = TCA_ChildViewApp.swift; sourceTree = "<group>"; };
		F2612C5A2BDA272600E6B0C9 /* ContentView.swift */ = {isa = PBXFileReference; lastKnownFileType = sourcecode.swift; path = ContentView.swift; sourceTree = "<group>"; };
		F2612C5C2BDA272800E6B0C9 /* Assets.xcassets */ = {isa = PBXFileReference; lastKnownFileType = folder.assetcatalog; path = Assets.xcassets; sourceTree = "<group>"; };
		F2612C5F2BDA272800E6B0C9 /* Preview Assets.xcassets */ = {isa = PBXFileReference; lastKnownFileType = folder.assetcatalog; path = "Preview Assets.xcassets"; sourceTree = "<group>"; };
		F2612C692BDA276B00E6B0C9 /* Feature.swift */ = {isa = PBXFileReference; lastKnownFileType = sourcecode.swift; path = Feature.swift; sourceTree = "<group>"; };
		F2612C6B2BDA28CE00E6B0C9 /* ChildView.swift */ = {isa = PBXFileReference; lastKnownFileType = sourcecode.swift; path = ChildView.swift; sourceTree = "<group>"; };
		F2612C6D2BDA295D00E6B0C9 /* ChildFeature.swift */ = {isa = PBXFileReference; lastKnownFileType = sourcecode.swift; path = ChildFeature.swift; sourceTree = "<group>"; };
/* End PBXFileReference section */

/* Begin PBXFrameworksBuildPhase section */
		F2612C522BDA272600E6B0C9 /* Frameworks */ = {
			isa = PBXFrameworksBuildPhase;
			buildActionMask = 2147483647;
			files = (
				F2612C682BDA273E00E6B0C9 /* ComposableArchitecture in Frameworks */,
			);
			runOnlyForDeploymentPostprocessing = 0;
		};
/* End PBXFrameworksBuildPhase section */

/* Begin PBXGroup section */
		F2612C4C2BDA272600E6B0C9 = {
			isa = PBXGroup;
			children = (
				F2612C572BDA272600E6B0C9 /* TCA-ChildView */,
				F2612C562BDA272600E6B0C9 /* Products */,
			);
			sourceTree = "<group>";
		};
		F2612C562BDA272600E6B0C9 /* Products */ = {
			isa = PBXGroup;
			children = (
				F2612C552BDA272600E6B0C9 /* TCA-ChildView.app */,
			);
			name = Products;
			sourceTree = "<group>";
		};
		F2612C572BDA272600E6B0C9 /* TCA-ChildView */ = {
			isa = PBXGroup;
			children = (
				F2612C582BDA272600E6B0C9 /* TCA_ChildViewApp.swift */,
				F2612C6F2BDA296100E6B0C9 /* Paren */,
				F2612C702BDA297100E6B0C9 /* Child */,
				F2612C5C2BDA272800E6B0C9 /* Assets.xcassets */,
				F2612C5E2BDA272800E6B0C9 /* Preview Content */,
			);
			path = "TCA-ChildView";
			sourceTree = "<group>";
		};
		F2612C5E2BDA272800E6B0C9 /* Preview Content */ = {
			isa = PBXGroup;
			children = (
				F2612C5F2BDA272800E6B0C9 /* Preview Assets.xcassets */,
			);
			path = "Preview Content";
			sourceTree = "<group>";
		};
		F2612C6F2BDA296100E6B0C9 /* Paren */ = {
			isa = PBXGroup;
			children = (
				F2612C5A2BDA272600E6B0C9 /* ContentView.swift */,
				F2612C692BDA276B00E6B0C9 /* Feature.swift */,
			);
			path = Paren;
			sourceTree = "<group>";
		};
		F2612C702BDA297100E6B0C9 /* Child */ = {
			isa = PBXGroup;
			children = (
				F2612C6B2BDA28CE00E6B0C9 /* ChildView.swift */,
				F2612C6D2BDA295D00E6B0C9 /* ChildFeature.swift */,
			);
			path = Child;
			sourceTree = "<group>";
		};
/* End PBXGroup section */

/* Begin PBXNativeTarget section */
		F2612C542BDA272600E6B0C9 /* TCA-ChildView */ = {
			isa = PBXNativeTarget;
			buildConfigurationList = F2612C632BDA272800E6B0C9 /* Build configuration list for PBXNativeTarget "TCA-ChildView" */;
			buildPhases = (
				F2612C512BDA272600E6B0C9 /* Sources */,
				F2612C522BDA272600E6B0C9 /* Frameworks */,
				F2612C532BDA272600E6B0C9 /* Resources */,
			);
			buildRules = (
			);
			dependencies = (
			);
			name = "TCA-ChildView";
			packageProductDependencies = (
				F2612C672BDA273E00E6B0C9 /* ComposableArchitecture */,
			);
			productName = "TCA-ChildView";
			productReference = F2612C552BDA272600E6B0C9 /* TCA-ChildView.app */;
			productType = "com.apple.product-type.application";
		};
/* End PBXNativeTarget section */

/* Begin PBXProject section */
		F2612C4D2BDA272600E6B0C9 /* Project object */ = {
			isa = PBXProject;
			attributes = {
				BuildIndependentTargetsInParallel = 1;
				LastSwiftUpdateCheck = 1500;
				LastUpgradeCheck = 1500;
				TargetAttributes = {
					F2612C542BDA272600E6B0C9 = {
						CreatedOnToolsVersion = 15.0;
					};
				};
			};
			buildConfigurationList = F2612C502BDA272600E6B0C9 /* Build configuration list for PBXProject "TCA-ChildView" */;
			compatibilityVersion = "Xcode 14.0";
			developmentRegion = en;
			hasScannedForEncodings = 0;
			knownRegions = (
				en,
				Base,
			);
			mainGroup = F2612C4C2BDA272600E6B0C9;
			packageReferences = (
				F2612C662BDA273E00E6B0C9 /* XCRemoteSwiftPackageReference "swift-composable-architecture" */,
			);
			productRefGroup = F2612C562BDA272600E6B0C9 /* Products */;
			projectDirPath = "";
			projectRoot = "";
			targets = (
				F2612C542BDA272600E6B0C9 /* TCA-ChildView */,
			);
		};
/* End PBXProject section */

/* Begin PBXResourcesBuildPhase section */
		F2612C532BDA272600E6B0C9 /* Resources */ = {
			isa = PBXResourcesBuildPhase;
			buildActionMask = 2147483647;
			files = (
				F2612C602BDA272800E6B0C9 /* Preview Assets.xcassets in Resources */,
				F2612C5D2BDA272800E6B0C9 /* Assets.xcassets in Resources */,
			);
			runOnlyForDeploymentPostprocessing = 0;
		};
/* End PBXResourcesBuildPhase section */

/* Begin PBXSourcesBuildPhase section */
		F2612C512BDA272600E6B0C9 /* Sources */ = {
			isa = PBXSourcesBuildPhase;
			buildActionMask = 2147483647;
			files = (
				F2612C6A2BDA276B00E6B0C9 /* Feature.swift in Sources */,
				F2612C6C2BDA28CE00E6B0C9 /* ChildView.swift in Sources */,
				F2612C6E2BDA295D00E6B0C9 /* ChildFeature.swift in Sources */,
				F2612C5B2BDA272600E6B0C9 /* ContentView.swift in Sources */,
				F2612C592BDA272600E6B0C9 /* TCA_ChildViewApp.swift in Sources */,
			);
			runOnlyForDeploymentPostprocessing = 0;
		};
/* End PBXSourcesBuildPhase section */

/* Begin XCBuildConfiguration section */
		F2612C612BDA272800E6B0C9 /* Debug */ = {
			isa = XCBuildConfiguration;
			buildSettings = {
				ALWAYS_SEARCH_USER_PATHS = NO;
				ASSETCATALOG_COMPILER_GENERATE_SWIFT_ASSET_SYMBOL_EXTENSIONS = YES;
				CLANG_ANALYZER_NONNULL = YES;
				CLANG_ANALYZER_NUMBER_OBJECT_CONVERSION = YES_AGGRESSIVE;
				CLANG_CXX_LANGUAGE_STANDARD = "gnu++20";
				CLANG_ENABLE_MODULES = YES;
				CLANG_ENABLE_OBJC_ARC = YES;
				CLANG_ENABLE_OBJC_WEAK = YES;
				CLANG_WARN_BLOCK_CAPTURE_AUTORELEASING = YES;
				CLANG_WARN_BOOL_CONVERSION = YES;
				CLANG_WARN_COMMA = YES;
				CLANG_WARN_CONSTANT_CONVERSION = YES;
				CLANG_WARN_DEPRECATED_OBJC_IMPLEMENTATIONS = YES;
				CLANG_WARN_DIRECT_OBJC_ISA_USAGE = YES_ERROR;
				CLANG_WARN_DOCUMENTATION_COMMENTS = YES;
				CLANG_WARN_EMPTY_BODY = YES;
				CLANG_WARN_ENUM_CONVERSION = YES;
				CLANG_WARN_INFINITE_RECURSION = YES;
				CLANG_WARN_INT_CONVERSION = YES;
				CLANG_WARN_NON_LITERAL_NULL_CONVERSION = YES;
				CLANG_WARN_OBJC_IMPLICIT_RETAIN_SELF = YES;
				CLANG_WARN_OBJC_LITERAL_CONVERSION = YES;
				CLANG_WARN_OBJC_ROOT_CLASS = YES_ERROR;
				CLANG_WARN_QUOTED_INCLUDE_IN_FRAMEWORK_HEADER = YES;
				CLANG_WARN_RANGE_LOOP_ANALYSIS = YES;
				CLANG_WARN_STRICT_PROTOTYPES = YES;
				CLANG_WARN_SUSPICIOUS_MOVE = YES;
				CLANG_WARN_UNGUARDED_AVAILABILITY = YES_AGGRESSIVE;
				CLANG_WARN_UNREACHABLE_CODE = YES;
				CLANG_WARN__DUPLICATE_METHOD_MATCH = YES;
				COPY_PHASE_STRIP = NO;
				DEBUG_INFORMATION_FORMAT = dwarf;
				ENABLE_STRICT_OBJC_MSGSEND = YES;
				ENABLE_TESTABILITY = YES;
				ENABLE_USER_SCRIPT_SANDBOXING = YES;
				GCC_C_LANGUAGE_STANDARD = gnu17;
				GCC_DYNAMIC_NO_PIC = NO;
				GCC_NO_COMMON_BLOCKS = YES;
				GCC_OPTIMIZATION_LEVEL = 0;
				GCC_PREPROCESSOR_DEFINITIONS = (
					"DEBUG=1",
					"$(inherited)",
				);
				GCC_WARN_64_TO_32_BIT_CONVERSION = YES;
				GCC_WARN_ABOUT_RETURN_TYPE = YES_ERROR;
				GCC_WARN_UNDECLARED_SELECTOR = YES;
				GCC_WARN_UNINITIALIZED_AUTOS = YES_AGGRESSIVE;
				GCC_WARN_UNUSED_FUNCTION = YES;
				GCC_WARN_UNUSED_VARIABLE = YES;
				IPHONEOS_DEPLOYMENT_TARGET = 17.0;
				LOCALIZATION_PREFERS_STRING_CATALOGS = YES;
				MTL_ENABLE_DEBUG_INFO = INCLUDE_SOURCE;
				MTL_FAST_MATH = YES;
				ONLY_ACTIVE_ARCH = YES;
				SDKROOT = iphoneos;
				SWIFT_ACTIVE_COMPILATION_CONDITIONS = "DEBUG $(inherited)";
				SWIFT_OPTIMIZATION_LEVEL = "-Onone";
			};
			name = Debug;
		};
		F2612C622BDA272800E6B0C9 /* Release */ = {
			isa = XCBuildConfiguration;
			buildSettings = {
				ALWAYS_SEARCH_USER_PATHS = NO;
				ASSETCATALOG_COMPILER_GENERATE_SWIFT_ASSET_SYMBOL_EXTENSIONS = YES;
				CLANG_ANALYZER_NONNULL = YES;
				CLANG_ANALYZER_NUMBER_OBJECT_CONVERSION = YES_AGGRESSIVE;
				CLANG_CXX_LANGUAGE_STANDARD = "gnu++20";
				CLANG_ENABLE_MODULES = YES;
				CLANG_ENABLE_OBJC_ARC = YES;
				CLANG_ENABLE_OBJC_WEAK = YES;
				CLANG_WARN_BLOCK_CAPTURE_AUTORELEASING = YES;
				CLANG_WARN_BOOL_CONVERSION = YES;
				CLANG_WARN_COMMA = YES;
				CLANG_WARN_CONSTANT_CONVERSION = YES;
				CLANG_WARN_DEPRECATED_OBJC_IMPLEMENTATIONS = YES;
				CLANG_WARN_DIRECT_OBJC_ISA_USAGE = YES_ERROR;
				CLANG_WARN_DOCUMENTATION_COMMENTS = YES;
				CLANG_WARN_EMPTY_BODY = YES;
				CLANG_WARN_ENUM_CONVERSION = YES;
				CLANG_WARN_INFINITE_RECURSION = YES;
				CLANG_WARN_INT_CONVERSION = YES;
				CLANG_WARN_NON_LITERAL_NULL_CONVERSION = YES;
				CLANG_WARN_OBJC_IMPLICIT_RETAIN_SELF = YES;
				CLANG_WARN_OBJC_LITERAL_CONVERSION = YES;
				CLANG_WARN_OBJC_ROOT_CLASS = YES_ERROR;
				CLANG_WARN_QUOTED_INCLUDE_IN_FRAMEWORK_HEADER = YES;
				CLANG_WARN_RANGE_LOOP_ANALYSIS = YES;
				CLANG_WARN_STRICT_PROTOTYPES = YES;
				CLANG_WARN_SUSPICIOUS_MOVE = YES;
				CLANG_WARN_UNGUARDED_AVAILABILITY = YES_AGGRESSIVE;
				CLANG_WARN_UNREACHABLE_CODE = YES;
				CLANG_WARN__DUPLICATE_METHOD_MATCH = YES;
				COPY_PHASE_STRIP = NO;
				DEBUG_INFORMATION_FORMAT = "dwarf-with-dsym";
				ENABLE_NS_ASSERTIONS = NO;
				ENABLE_STRICT_OBJC_MSGSEND = YES;
				ENABLE_USER_SCRIPT_SANDBOXING = YES;
				GCC_C_LANGUAGE_STANDARD = gnu17;
				GCC_NO_COMMON_BLOCKS = YES;
				GCC_WARN_64_TO_32_BIT_CONVERSION = YES;
				GCC_WARN_ABOUT_RETURN_TYPE = YES_ERROR;
				GCC_WARN_UNDECLARED_SELECTOR = YES;
				GCC_WARN_UNINITIALIZED_AUTOS = YES_AGGRESSIVE;
				GCC_WARN_UNUSED_FUNCTION = YES;
				GCC_WARN_UNUSED_VARIABLE = YES;
				IPHONEOS_DEPLOYMENT_TARGET = 17.0;
				LOCALIZATION_PREFERS_STRING_CATALOGS = YES;
				MTL_ENABLE_DEBUG_INFO = NO;
				MTL_FAST_MATH = YES;
				SDKROOT = iphoneos;
				SWIFT_COMPILATION_MODE = wholemodule;
				VALIDATE_PRODUCT = YES;
			};
			name = Release;
		};
		F2612C642BDA272800E6B0C9 /* Debug */ = {
			isa = XCBuildConfiguration;
			buildSettings = {
				ASSETCATALOG_COMPILER_APPICON_NAME = AppIcon;
				ASSETCATALOG_COMPILER_GLOBAL_ACCENT_COLOR_NAME = AccentColor;
				CODE_SIGN_STYLE = Automatic;
				CURRENT_PROJECT_VERSION = 1;
				DEVELOPMENT_ASSET_PATHS = "\"TCA-ChildView/Preview Content\"";
				DEVELOPMENT_TEAM = G42AKFB24M;
				ENABLE_PREVIEWS = YES;
				GENERATE_INFOPLIST_FILE = YES;
				INFOPLIST_KEY_UIApplicationSceneManifest_Generation = YES;
				INFOPLIST_KEY_UIApplicationSupportsIndirectInputEvents = YES;
				INFOPLIST_KEY_UILaunchScreen_Generation = YES;
				INFOPLIST_KEY_UISupportedInterfaceOrientations_iPad = "UIInterfaceOrientationPortrait UIInterfaceOrientationPortraitUpsideDown UIInterfaceOrientationLandscapeLeft UIInterfaceOrientationLandscapeRight";
				INFOPLIST_KEY_UISupportedInterfaceOrientations_iPhone = "UIInterfaceOrientationPortrait UIInterfaceOrientationLandscapeLeft UIInterfaceOrientationLandscapeRight";
				LD_RUNPATH_SEARCH_PATHS = (
					"$(inherited)",
					"@executable_path/Frameworks",
				);
				MARKETING_VERSION = 1.0;
				PRODUCT_BUNDLE_IDENTIFIER = "deokho98.TCA-ChildView";
				PRODUCT_NAME = "$(TARGET_NAME)";
				SWIFT_EMIT_LOC_STRINGS = YES;
				SWIFT_VERSION = 5.0;
				TARGETED_DEVICE_FAMILY = "1,2";
			};
			name = Debug;
		};
		F2612C652BDA272800E6B0C9 /* Release */ = {
			isa = XCBuildConfiguration;
			buildSettings = {
				ASSETCATALOG_COMPILER_APPICON_NAME = AppIcon;
				ASSETCATALOG_COMPILER_GLOBAL_ACCENT_COLOR_NAME = AccentColor;
				CODE_SIGN_STYLE = Automatic;
				CURRENT_PROJECT_VERSION = 1;
				DEVELOPMENT_ASSET_PATHS = "\"TCA-ChildView/Preview Content\"";
				DEVELOPMENT_TEAM = G42AKFB24M;
				ENABLE_PREVIEWS = YES;
				GENERATE_INFOPLIST_FILE = YES;
				INFOPLIST_KEY_UIApplicationSceneManifest_Generation = YES;
				INFOPLIST_KEY_UIApplicationSupportsIndirectInputEvents = YES;
				INFOPLIST_KEY_UILaunchScreen_Generation = YES;
				INFOPLIST_KEY_UISupportedInterfaceOrientations_iPad = "UIInterfaceOrientationPortrait UIInterfaceOrientationPortraitUpsideDown UIInterfaceOrientationLandscapeLeft UIInterfaceOrientationLandscapeRight";
				INFOPLIST_KEY_UISupportedInterfaceOrientations_iPhone = "UIInterfaceOrientationPortrait UIInterfaceOrientationLandscapeLeft UIInterfaceOrientationLandscapeRight";
				LD_RUNPATH_SEARCH_PATHS = (
					"$(inherited)",
					"@executable_path/Frameworks",
				);
				MARKETING_VERSION = 1.0;
				PRODUCT_BUNDLE_IDENTIFIER = "deokho98.TCA-ChildView";
				PRODUCT_NAME = "$(TARGET_NAME)";
				SWIFT_EMIT_LOC_STRINGS = YES;
				SWIFT_VERSION = 5.0;
				TARGETED_DEVICE_FAMILY = "1,2";
			};
			name = Release;
		};
/* End XCBuildConfiguration section */

/* Begin XCConfigurationList section */
		F2612C502BDA272600E6B0C9 /* Build configuration list for PBXProject "TCA-ChildView" */ = {
			isa = XCConfigurationList;
			buildConfigurations = (
				F2612C612BDA272800E6B0C9 /* Debug */,
				F2612C622BDA272800E6B0C9 /* Release */,
			);
			defaultConfigurationIsVisible = 0;
			defaultConfigurationName = Release;
		};
		F2612C632BDA272800E6B0C9 /* Build configuration list for PBXNativeTarget "TCA-ChildView" */ = {
			isa = XCConfigurationList;
			buildConfigurations = (
				F2612C642BDA272800E6B0C9 /* Debug */,
				F2612C652BDA272800E6B0C9 /* Release */,
			);
			defaultConfigurationIsVisible = 0;
			defaultConfigurationName = Release;
		};
/* End XCConfigurationList section */

/* Begin XCRemoteSwiftPackageReference section */
		F2612C662BDA273E00E6B0C9 /* XCRemoteSwiftPackageReference "swift-composable-architecture" */ = {
			isa = XCRemoteSwiftPackageReference;
			repositoryURL = "https://github.com/pointfreeco/swift-composable-architecture.git";
			requirement = {
				kind = upToNextMajorVersion;
				minimumVersion = 1.9.3;
			};
		};
/* End XCRemoteSwiftPackageReference section */

/* Begin XCSwiftPackageProductDependency section */
		F2612C672BDA273E00E6B0C9 /* ComposableArchitecture */ = {
			isa = XCSwiftPackageProductDependency;
			package = F2612C662BDA273E00E6B0C9 /* XCRemoteSwiftPackageReference "swift-composable-architecture" */;
			productName = ComposableArchitecture;
		};
/* End XCSwiftPackageProductDependency section */
	};
	rootObject = F2612C4D2BDA272600E6B0C9 /* Project object */;
}
